
Microsoft Visual Studio Solution File, Format Version 12.00
# Visual Studio 2012
Project("{FAE04EC0-301F-11D3-BF4B-00C04F79EFBC}") = "GrillMaster", "GrillMaster\GrillMaster.csproj", "{C8BFDFE3-716E-46DD-A520-1A4D397FA561}"
EndProject
Project("{FAE04EC0-301F-11D3-BF4B-00C04F79EFBC}") = "GrillMaster.Core", "GrillMaster.Core\GrillMaster.Core.csproj", "{8FBD5F51-1115-4CC9-9E83-B5B8AF6F3FBB}"
EndProject
Project("{FAE04EC0-301F-11D3-BF4B-00C04F79EFBC}") = "GrillMaster.Services", "GrillMaster.Services\GrillMaster.Services.csproj", "{F5DD16EF-B65F-448F-BAA6-6C0B3BF1F39C}"
EndProject
Global
	GlobalSection(SolutionConfigurationPlatforms) = preSolution
		Debug|Any CPU = Debug|Any CPU
		Release|Any CPU = Release|Any CPU
	EndGlobalSection
	GlobalSection(ProjectConfigurationPlatforms) = postSolution
		{C8BFDFE3-716E-46DD-A520-1A4D397FA561}.Debug|Any CPU.ActiveCfg = Debug|Any CPU
		{C8BFDFE3-716E-46DD-A520-1A4D397FA561}.Debug|Any CPU.Build.0 = Debug|Any CPU
		{C8BFDFE3-716E-46DD-A520-1A4D397FA561}.Release|Any CPU.ActiveCfg = Release|Any CPU
		{C8BFDFE3-716E-46DD-A520-1A4D397FA561}.Release|Any CPU.Build.0 = Release|Any CPU
		{8FBD5F51-1115-4CC9-9E83-B5B8AF6F3FBB}.Debug|Any CPU.ActiveCfg = Debug|Any CPU
		{8FBD5F51-1115-4CC9-9E83-B5B8AF6F3FBB}.Debug|Any CPU.Build.0 = Debug|Any CPU
		{8FBD5F51-1115-4CC9-9E83-B5B8AF6F3FBB}.Release|Any CPU.ActiveCfg = Release|Any CPU
		{8FBD5F51-1115-4CC9-9E83-B5B8AF6F3FBB}.Release|Any CPU.Build.0 = Release|Any CPU
		{F5DD16EF-B65F-448F-BAA6-6C0B3BF1F39C}.Debug|Any CPU.ActiveCfg = Debug|Any CPU
		{F5DD16EF-B65F-448F-BAA6-6C0B3BF1F39C}.Debug|Any CPU.Build.0 = Debug|Any CPU
		{F5DD16EF-B65F-448F-BAA6-6C0B3BF1F39C}.Release|Any CPU.ActiveCfg = Release|Any CPU
		{F5DD16EF-B65F-448F-BAA6-6C0B3BF1F39C}.Release|Any CPU.Build.0 = Release|Any CPU
	EndGlobalSection
	GlobalSection(SolutionProperties) = preSolution
		HideSolutionNode = FALSE
	EndGlobalSection
EndGlobal
